// !$*UTF8*$!
{
	archiveVersion = 1;
	classes = {
	};
	objectVersion = 55;
	objects = {

/* Begin PBXBuildFile section */
		741BB3E52A9152AF00C7A923 /* initsAndEnums.swift in Sources */ = {isa = PBXBuildFile; fileRef = 741BB3E42A9152AF00C7A923 /* initsAndEnums.swift */; };
		741BB3E72A9156EF00C7A923 /* ScrollView.swift in Sources */ = {isa = PBXBuildFile; fileRef = 741BB3E62A9156EF00C7A923 /* ScrollView.swift */; };
		744126962A9228DF00BF6989 /* GridView.swift in Sources */ = {isa = PBXBuildFile; fileRef = 744126952A9228DF00BF6989 /* GridView.swift */; };
		744A57092A955F130000BADD /* Gridview2.swift in Sources */ = {isa = PBXBuildFile; fileRef = 744A57082A955F130000BADD /* Gridview2.swift */; };
		745EACBC2A914FE1000E72BA /* SwiftfulThinkingApp.swift in Sources */ = {isa = PBXBuildFile; fileRef = 745EACBB2A914FE1000E72BA /* SwiftfulThinkingApp.swift */; };
		745EACBE2A914FE1000E72BA /* ContentView.swift in Sources */ = {isa = PBXBuildFile; fileRef = 745EACBD2A914FE1000E72BA /* ContentView.swift */; };
		745EACC02A914FE2000E72BA /* Assets.xcassets in Resources */ = {isa = PBXBuildFile; fileRef = 745EACBF2A914FE2000E72BA /* Assets.xcassets */; };
		745EACC32A914FE2000E72BA /* Preview Assets.xcassets in Resources */ = {isa = PBXBuildFile; fileRef = 745EACC22A914FE2000E72BA /* Preview Assets.xcassets */; };
		745EACCD2A914FE2000E72BA /* SwiftfulThinkingTests.swift in Sources */ = {isa = PBXBuildFile; fileRef = 745EACCC2A914FE2000E72BA /* SwiftfulThinkingTests.swift */; };
		745EACD72A914FE2000E72BA /* SwiftfulThinkingUITests.swift in Sources */ = {isa = PBXBuildFile; fileRef = 745EACD62A914FE2000E72BA /* SwiftfulThinkingUITests.swift */; };
		745EACD92A914FE2000E72BA /* SwiftfulThinkingUITestsLaunchTests.swift in Sources */ = {isa = PBXBuildFile; fileRef = 745EACD82A914FE2000E72BA /* SwiftfulThinkingUITestsLaunchTests.swift */; };
		745EACE62A915028000E72BA /* ForeachLoop.swift in Sources */ = {isa = PBXBuildFile; fileRef = 745EACE52A915028000E72BA /* ForeachLoop.swift */; };
		749F54132A979E2000C0BC2B /* StateProperty.swift in Sources */ = {isa = PBXBuildFile; fileRef = 749F54122A979E2000C0BC2B /* StateProperty.swift */; };
/* End PBXBuildFile section */

/* Begin PBXContainerItemProxy section */
		745EACC92A914FE2000E72BA /* PBXContainerItemProxy */ = {
			isa = PBXContainerItemProxy;
			containerPortal = 745EACB02A914FE1000E72BA /* Project object */;
			proxyType = 1;
			remoteGlobalIDString = 745EACB72A914FE1000E72BA;
			remoteInfo = SwiftfulThinking;
		};
		745EACD32A914FE2000E72BA /* PBXContainerItemProxy */ = {
			isa = PBXContainerItemProxy;
			containerPortal = 745EACB02A914FE1000E72BA /* Project object */;
			proxyType = 1;
			remoteGlobalIDString = 745EACB72A914FE1000E72BA;
			remoteInfo = SwiftfulThinking;
		};
/* End PBXContainerItemProxy section */

/* Begin PBXFileReference section */
		741BB3E42A9152AF00C7A923 /* initsAndEnums.swift */ = {isa = PBXFileReference; lastKnownFileType = sourcecode.swift; path = initsAndEnums.swift; sourceTree = "<group>"; };
		741BB3E62A9156EF00C7A923 /* ScrollView.swift */ = {isa = PBXFileReference; lastKnownFileType = sourcecode.swift; path = ScrollView.swift; sourceTree = "<group>"; };
		744126952A9228DF00BF6989 /* GridView.swift */ = {isa = PBXFileReference; lastKnownFileType = sourcecode.swift; path = GridView.swift; sourceTree = "<group>"; };
		744A57082A955F130000BADD /* Gridview2.swift */ = {isa = PBXFileReference; lastKnownFileType = sourcecode.swift; path = Gridview2.swift; sourceTree = "<group>"; };
		745EACB82A914FE1000E72BA /* SwiftfulThinking.app */ = {isa = PBXFileReference; explicitFileType = wrapper.application; includeInIndex = 0; path = SwiftfulThinking.app; sourceTree = BUILT_PRODUCTS_DIR; };
		745EACBB2A914FE1000E72BA /* SwiftfulThinkingApp.swift */ = {isa = PBXFileReference; lastKnownFileType = sourcecode.swift; path = SwiftfulThinkingApp.swift; sourceTree = "<group>"; };
		745EACBD2A914FE1000E72BA /* ContentView.swift */ = {isa = PBXFileReference; lastKnownFileType = sourcecode.swift; path = ContentView.swift; sourceTree = "<group>"; };
		745EACBF2A914FE2000E72BA /* Assets.xcassets */ = {isa = PBXFileReference; lastKnownFileType = folder.assetcatalog; path = Assets.xcassets; sourceTree = "<group>"; };
		745EACC22A914FE2000E72BA /* Preview Assets.xcassets */ = {isa = PBXFileReference; lastKnownFileType = folder.assetcatalog; path = "Preview Assets.xcassets"; sourceTree = "<group>"; };
		745EACC82A914FE2000E72BA /* SwiftfulThinkingTests.xctest */ = {isa = PBXFileReference; explicitFileType = wrapper.cfbundle; includeInIndex = 0; path = SwiftfulThinkingTests.xctest; sourceTree = BUILT_PRODUCTS_DIR; };
		745EACCC2A914FE2000E72BA /* SwiftfulThinkingTests.swift */ = {isa = PBXFileReference; lastKnownFileType = sourcecode.swift; path = SwiftfulThinkingTests.swift; sourceTree = "<group>"; };
		745EACD22A914FE2000E72BA /* SwiftfulThinkingUITests.xctest */ = {isa = PBXFileReference; explicitFileType = wrapper.cfbundle; includeInIndex = 0; path = SwiftfulThinkingUITests.xctest; sourceTree = BUILT_PRODUCTS_DIR; };
		745EACD62A914FE2000E72BA /* SwiftfulThinkingUITests.swift */ = {isa = PBXFileReference; lastKnownFileType = sourcecode.swift; path = SwiftfulThinkingUITests.swift; sourceTree = "<group>"; };
		745EACD82A914FE2000E72BA /* SwiftfulThinkingUITestsLaunchTests.swift */ = {isa = PBXFileReference; lastKnownFileType = sourcecode.swift; path = SwiftfulThinkingUITestsLaunchTests.swift; sourceTree = "<group>"; };
		745EACE52A915028000E72BA /* ForeachLoop.swift */ = {isa = PBXFileReference; lastKnownFileType = sourcecode.swift; path = ForeachLoop.swift; sourceTree = "<group>"; };
		749F54122A979E2000C0BC2B /* StateProperty.swift */ = {isa = PBXFileReference; lastKnownFileType = sourcecode.swift; path = StateProperty.swift; sourceTree = "<group>"; };
/* End PBXFileReference section */

/* Begin PBXFrameworksBuildPhase section */
		745EACB52A914FE1000E72BA /* Frameworks */ = {
			isa = PBXFrameworksBuildPhase;
			buildActionMask = 2147483647;
			files = (
			);
			runOnlyForDeploymentPostprocessing = 0;
		};
		745EACC52A914FE2000E72BA /* Frameworks */ = {
			isa = PBXFrameworksBuildPhase;
			buildActionMask = 2147483647;
			files = (
			);
			runOnlyForDeploymentPostprocessing = 0;
		};
		745EACCF2A914FE2000E72BA /* Frameworks */ = {
			isa = PBXFrameworksBuildPhase;
			buildActionMask = 2147483647;
			files = (
			);
			runOnlyForDeploymentPostprocessing = 0;
		};
/* End PBXFrameworksBuildPhase section */

/* Begin PBXGroup section */
		745EACAF2A914FE1000E72BA = {
			isa = PBXGroup;
			children = (
				745EACBA2A914FE1000E72BA /* SwiftfulThinking */,
				745EACCB2A914FE2000E72BA /* SwiftfulThinkingTests */,
				745EACD52A914FE2000E72BA /* SwiftfulThinkingUITests */,
				745EACB92A914FE1000E72BA /* Products */,
			);
			sourceTree = "<group>";
		};
		745EACB92A914FE1000E72BA /* Products */ = {
			isa = PBXGroup;
			children = (
				745EACB82A914FE1000E72BA /* SwiftfulThinking.app */,
				745EACC82A914FE2000E72BA /* SwiftfulThinkingTests.xctest */,
				745EACD22A914FE2000E72BA /* SwiftfulThinkingUITests.xctest */,
			);
			name = Products;
			sourceTree = "<group>";
		};
		745EACBA2A914FE1000E72BA /* SwiftfulThinking */ = {
			isa = PBXGroup;
			children = (
				745EACBB2A914FE1000E72BA /* SwiftfulThinkingApp.swift */,
				745EACBD2A914FE1000E72BA /* ContentView.swift */,
				745EACE52A915028000E72BA /* ForeachLoop.swift */,
				741BB3E42A9152AF00C7A923 /* initsAndEnums.swift */,
				741BB3E62A9156EF00C7A923 /* ScrollView.swift */,
				744126952A9228DF00BF6989 /* GridView.swift */,
				744A57082A955F130000BADD /* Gridview2.swift */,
				749F54122A979E2000C0BC2B /* StateProperty.swift */,
				745EACBF2A914FE2000E72BA /* Assets.xcassets */,
				745EACC12A914FE2000E72BA /* Preview Content */,
			);
			path = SwiftfulThinking;
			sourceTree = "<group>";
		};
		745EACC12A914FE2000E72BA /* Preview Content */ = {
			isa = PBXGroup;
			children = (
				745EACC22A914FE2000E72BA /* Preview Assets.xcassets */,
			);
			path = "Preview Content";
			sourceTree = "<group>";
		};
		745EACCB2A914FE2000E72BA /* SwiftfulThinkingTests */ = {
			isa = PBXGroup;
			children = (
				745EACCC2A914FE2000E72BA /* SwiftfulThinkingTests.swift */,
			);
			path = SwiftfulThinkingTests;
			sourceTree = "<group>";
		};
		745EACD52A914FE2000E72BA /* SwiftfulThinkingUITests */ = {
			isa = PBXGroup;
			children = (
				745EACD62A914FE2000E72BA /* SwiftfulThinkingUITests.swift */,
				745EACD82A914FE2000E72BA /* SwiftfulThinkingUITestsLaunchTests.swift */,
			);
			path = SwiftfulThinkingUITests;
			sourceTree = "<group>";
		};
/* End PBXGroup section */

/* Begin PBXNativeTarget section */
		745EACB72A914FE1000E72BA /* SwiftfulThinking */ = {
			isa = PBXNativeTarget;
			buildConfigurationList = 745EACDC2A914FE2000E72BA /* Build configuration list for PBXNativeTarget "SwiftfulThinking" */;
			buildPhases = (
				745EACB42A914FE1000E72BA /* Sources */,
				745EACB52A914FE1000E72BA /* Frameworks */,
				745EACB62A914FE1000E72BA /* Resources */,
			);
			buildRules = (
			);
			dependencies = (
			);
			name = SwiftfulThinking;
			productName = SwiftfulThinking;
			productReference = 745EACB82A914FE1000E72BA /* SwiftfulThinking.app */;
			productType = "com.apple.product-type.application";
		};
		745EACC72A914FE2000E72BA /* SwiftfulThinkingTests */ = {
			isa = PBXNativeTarget;
			buildConfigurationList = 745EACDF2A914FE2000E72BA /* Build configuration list for PBXNativeTarget "SwiftfulThinkingTests" */;
			buildPhases = (
				745EACC42A914FE2000E72BA /* Sources */,
				745EACC52A914FE2000E72BA /* Frameworks */,
				745EACC62A914FE2000E72BA /* Resources */,
			);
			buildRules = (
			);
			dependencies = (
				745EACCA2A914FE2000E72BA /* PBXTargetDependency */,
			);
			name = SwiftfulThinkingTests;
			productName = SwiftfulThinkingTests;
			productReference = 745EACC82A914FE2000E72BA /* SwiftfulThinkingTests.xctest */;
			productType = "com.apple.product-type.bundle.unit-test";
		};
		745EACD12A914FE2000E72BA /* SwiftfulThinkingUITests */ = {
			isa = PBXNativeTarget;
			buildConfigurationList = 745EACE22A914FE2000E72BA /* Build configuration list for PBXNativeTarget "SwiftfulThinkingUITests" */;
			buildPhases = (
				745EACCE2A914FE2000E72BA /* Sources */,
				745EACCF2A914FE2000E72BA /* Frameworks */,
				745EACD02A914FE2000E72BA /* Resources */,
			);
			buildRules = (
			);
			dependencies = (
				745EACD42A914FE2000E72BA /* PBXTargetDependency */,
			);
			name = SwiftfulThinkingUITests;
			productName = SwiftfulThinkingUITests;
			productReference = 745EACD22A914FE2000E72BA /* SwiftfulThinkingUITests.xctest */;
			productType = "com.apple.product-type.bundle.ui-testing";
		};
/* End PBXNativeTarget section */

/* Begin PBXProject section */
		745EACB02A914FE1000E72BA /* Project object */ = {
			isa = PBXProject;
			attributes = {
				BuildIndependentTargetsInParallel = 1;
				LastSwiftUpdateCheck = 1320;
				LastUpgradeCheck = 1320;
				TargetAttributes = {
					745EACB72A914FE1000E72BA = {
						CreatedOnToolsVersion = 13.2.1;
					};
					745EACC72A914FE2000E72BA = {
						CreatedOnToolsVersion = 13.2.1;
						TestTargetID = 745EACB72A914FE1000E72BA;
					};
					745EACD12A914FE2000E72BA = {
						CreatedOnToolsVersion = 13.2.1;
						TestTargetID = 745EACB72A914FE1000E72BA;
					};
				};
			};
			buildConfigurationList = 745EACB32A914FE1000E72BA /* Build configuration list for PBXProject "SwiftfulThinking" */;
			compatibilityVersion = "Xcode 13.0";
			developmentRegion = en;
			hasScannedForEncodings = 0;
			knownRegions = (
				en,
				Base,
			);
			mainGroup = 745EACAF2A914FE1000E72BA;
			productRefGroup = 745EACB92A914FE1000E72BA /* Products */;
			projectDirPath = "";
			projectRoot = "";
			targets = (
				745EACB72A914FE1000E72BA /* SwiftfulThinking */,
				745EACC72A914FE2000E72BA /* SwiftfulThinkingTests */,
				745EACD12A914FE2000E72BA /* SwiftfulThinkingUITests */,
			);
		};
/* End PBXProject section */

/* Begin PBXResourcesBuildPhase section */
		745EACB62A914FE1000E72BA /* Resources */ = {
			isa = PBXResourcesBuildPhase;
			buildActionMask = 2147483647;
			files = (
				745EACC32A914FE2000E72BA /* Preview Assets.xcassets in Resources */,
				745EACC02A914FE2000E72BA /* Assets.xcassets in Resources */,
			);
			runOnlyForDeploymentPostprocessing = 0;
		};
		745EACC62A914FE2000E72BA /* Resources */ = {
			isa = PBXResourcesBuildPhase;
			buildActionMask = 2147483647;
			files = (
			);
			runOnlyForDeploymentPostprocessing = 0;
		};
		745EACD02A914FE2000E72BA /* Resources */ = {
			isa = PBXResourcesBuildPhase;
			buildActionMask = 2147483647;
			files = (
			);
			runOnlyForDeploymentPostprocessing = 0;
		};
/* End PBXResourcesBuildPhase section */

/* Begin PBXSourcesBuildPhase section */
		745EACB42A914FE1000E72BA /* Sources */ = {
			isa = PBXSourcesBuildPhase;
			buildActionMask = 2147483647;
			files = (
				741BB3E52A9152AF00C7A923 /* initsAndEnums.swift in Sources */,
				744A57092A955F130000BADD /* Gridview2.swift in Sources */,
				745EACBE2A914FE1000E72BA /* ContentView.swift in Sources */,
				745EACE62A915028000E72BA /* ForeachLoop.swift in Sources */,
				749F54132A979E2000C0BC2B /* StateProperty.swift in Sources */,
				741BB3E72A9156EF00C7A923 /* ScrollView.swift in Sources */,
				744126962A9228DF00BF6989 /* GridView.swift in Sources */,
				745EACBC2A914FE1000E72BA /* SwiftfulThinkingApp.swift in Sources */,
			);
			runOnlyForDeploymentPostprocessing = 0;
		};
		745EACC42A914FE2000E72BA /* Sources */ = {
			isa = PBXSourcesBuildPhase;
			buildActionMask = 2147483647;
			files = (
				745EACCD2A914FE2000E72BA /* SwiftfulThinkingTests.swift in Sources */,
			);
			runOnlyForDeploymentPostprocessing = 0;
		};
		745EACCE2A914FE2000E72BA /* Sources */ = {
			isa = PBXSourcesBuildPhase;
			buildActionMask = 2147483647;
			files = (
				745EACD92A914FE2000E72BA /* SwiftfulThinkingUITestsLaunchTests.swift in Sources */,
				745EACD72A914FE2000E72BA /* SwiftfulThinkingUITests.swift in Sources */,
			);
			runOnlyForDeploymentPostprocessing = 0;
		};
/* End PBXSourcesBuildPhase section */

/* Begin PBXTargetDependency section */
		745EACCA2A914FE2000E72BA /* PBXTargetDependency */ = {
			isa = PBXTargetDependency;
			target = 745EACB72A914FE1000E72BA /* SwiftfulThinking */;
			targetProxy = 745EACC92A914FE2000E72BA /* PBXContainerItemProxy */;
		};
		745EACD42A914FE2000E72BA /* PBXTargetDependency */ = {
			isa = PBXTargetDependency;
			target = 745EACB72A914FE1000E72BA /* SwiftfulThinking */;
			targetProxy = 745EACD32A914FE2000E72BA /* PBXContainerItemProxy */;
		};
/* End PBXTargetDependency section */

/* Begin XCBuildConfiguration section */
		745EACDA2A914FE2000E72BA /* Debug */ = {
			isa = XCBuildConfiguration;
			buildSettings = {
				ALWAYS_SEARCH_USER_PATHS = NO;
				CLANG_ANALYZER_NONNULL = YES;
				CLANG_ANALYZER_NUMBER_OBJECT_CONVERSION = YES_AGGRESSIVE;
				CLANG_CXX_LANGUAGE_STANDARD = "gnu++17";
				CLANG_CXX_LIBRARY = "libc++";
				CLANG_ENABLE_MODULES = YES;
				CLANG_ENABLE_OBJC_ARC = YES;
				CLANG_ENABLE_OBJC_WEAK = YES;
				CLANG_WARN_BLOCK_CAPTURE_AUTORELEASING = YES;
				CLANG_WARN_BOOL_CONVERSION = YES;
				CLANG_WARN_COMMA = YES;
				CLANG_WARN_CONSTANT_CONVERSION = YES;
				CLANG_WARN_DEPRECATED_OBJC_IMPLEMENTATIONS = YES;
				CLANG_WARN_DIRECT_OBJC_ISA_USAGE = YES_ERROR;
				CLANG_WARN_DOCUMENTATION_COMMENTS = YES;
				CLANG_WARN_EMPTY_BODY = YES;
				CLANG_WARN_ENUM_CONVERSION = YES;
				CLANG_WARN_INFINITE_RECURSION = YES;
				CLANG_WARN_INT_CONVERSION = YES;
				CLANG_WARN_NON_LITERAL_NULL_CONVERSION = YES;
				CLANG_WARN_OBJC_IMPLICIT_RETAIN_SELF = YES;
				CLANG_WARN_OBJC_LITERAL_CONVERSION = YES;
				CLANG_WARN_OBJC_ROOT_CLASS = YES_ERROR;
				CLANG_WARN_QUOTED_INCLUDE_IN_FRAMEWORK_HEADER = YES;
				CLANG_WARN_RANGE_LOOP_ANALYSIS = YES;
				CLANG_WARN_STRICT_PROTOTYPES = YES;
				CLANG_WARN_SUSPICIOUS_MOVE = YES;
				CLANG_WARN_UNGUARDED_AVAILABILITY = YES_AGGRESSIVE;
				CLANG_WARN_UNREACHABLE_CODE = YES;
				CLANG_WARN__DUPLICATE_METHOD_MATCH = YES;
				COPY_PHASE_STRIP = NO;
				DEBUG_INFORMATION_FORMAT = dwarf;
				ENABLE_STRICT_OBJC_MSGSEND = YES;
				ENABLE_TESTABILITY = YES;
				GCC_C_LANGUAGE_STANDARD = gnu11;
				GCC_DYNAMIC_NO_PIC = NO;
				GCC_NO_COMMON_BLOCKS = YES;
				GCC_OPTIMIZATION_LEVEL = 0;
				GCC_PREPROCESSOR_DEFINITIONS = (
					"DEBUG=1",
					"$(inherited)",
				);
				GCC_WARN_64_TO_32_BIT_CONVERSION = YES;
				GCC_WARN_ABOUT_RETURN_TYPE = YES_ERROR;
				GCC_WARN_UNDECLARED_SELECTOR = YES;
				GCC_WARN_UNINITIALIZED_AUTOS = YES_AGGRESSIVE;
				GCC_WARN_UNUSED_FUNCTION = YES;
				GCC_WARN_UNUSED_VARIABLE = YES;
				IPHONEOS_DEPLOYMENT_TARGET = 15.2;
				MTL_ENABLE_DEBUG_INFO = INCLUDE_SOURCE;
				MTL_FAST_MATH = YES;
				ONLY_ACTIVE_ARCH = YES;
				SDKROOT = iphoneos;
				SWIFT_ACTIVE_COMPILATION_CONDITIONS = DEBUG;
				SWIFT_OPTIMIZATION_LEVEL = "-Onone";
			};
			name = Debug;
		};
		745EACDB2A914FE2000E72BA /* Release */ = {
			isa = XCBuildConfiguration;
			buildSettings = {
				ALWAYS_SEARCH_USER_PATHS = NO;
				CLANG_ANALYZER_NONNULL = YES;
				CLANG_ANALYZER_NUMBER_OBJECT_CONVERSION = YES_AGGRESSIVE;
				CLANG_CXX_LANGUAGE_STANDARD = "gnu++17";
				CLANG_CXX_LIBRARY = "libc++";
				CLANG_ENABLE_MODULES = YES;
				CLANG_ENABLE_OBJC_ARC = YES;
				CLANG_ENABLE_OBJC_WEAK = YES;
				CLANG_WARN_BLOCK_CAPTURE_AUTORELEASING = YES;
				CLANG_WARN_BOOL_CONVERSION = YES;
				CLANG_WARN_COMMA = YES;
				CLANG_WARN_CONSTANT_CONVERSION = YES;
				CLANG_WARN_DEPRECATED_OBJC_IMPLEMENTATIONS = YES;
				CLANG_WARN_DIRECT_OBJC_ISA_USAGE = YES_ERROR;
				CLANG_WARN_DOCUMENTATION_COMMENTS = YES;
				CLANG_WARN_EMPTY_BODY = YES;
				CLANG_WARN_ENUM_CONVERSION = YES;
				CLANG_WARN_INFINITE_RECURSION = YES;
				CLANG_WARN_INT_CONVERSION = YES;
				CLANG_WARN_NON_LITERAL_NULL_CONVERSION = YES;
				CLANG_WARN_OBJC_IMPLICIT_RETAIN_SELF = YES;
				CLANG_WARN_OBJC_LITERAL_CONVERSION = YES;
				CLANG_WARN_OBJC_ROOT_CLASS = YES_ERROR;
				CLANG_WARN_QUOTED_INCLUDE_IN_FRAMEWORK_HEADER = YES;
				CLANG_WARN_RANGE_LOOP_ANALYSIS = YES;
				CLANG_WARN_STRICT_PROTOTYPES = YES;
				CLANG_WARN_SUSPICIOUS_MOVE = YES;
				CLANG_WARN_UNGUARDED_AVAILABILITY = YES_AGGRESSIVE;
				CLANG_WARN_UNREACHABLE_CODE = YES;
				CLANG_WARN__DUPLICATE_METHOD_MATCH = YES;
				COPY_PHASE_STRIP = NO;
				DEBUG_INFORMATION_FORMAT = "dwarf-with-dsym";
				ENABLE_NS_ASSERTIONS = NO;
				ENABLE_STRICT_OBJC_MSGSEND = YES;
				GCC_C_LANGUAGE_STANDARD = gnu11;
				GCC_NO_COMMON_BLOCKS = YES;
				GCC_WARN_64_TO_32_BIT_CONVERSION = YES;
				GCC_WARN_ABOUT_RETURN_TYPE = YES_ERROR;
				GCC_WARN_UNDECLARED_SELECTOR = YES;
				GCC_WARN_UNINITIALIZED_AUTOS = YES_AGGRESSIVE;
				GCC_WARN_UNUSED_FUNCTION = YES;
				GCC_WARN_UNUSED_VARIABLE = YES;
				IPHONEOS_DEPLOYMENT_TARGET = 15.2;
				MTL_ENABLE_DEBUG_INFO = NO;
				MTL_FAST_MATH = YES;
				SDKROOT = iphoneos;
				SWIFT_COMPILATION_MODE = wholemodule;
				SWIFT_OPTIMIZATION_LEVEL = "-O";
				VALIDATE_PRODUCT = YES;
			};
			name = Release;
		};
		745EACDD2A914FE2000E72BA /* Debug */ = {
			isa = XCBuildConfiguration;
			buildSettings = {
				ASSETCATALOG_COMPILER_APPICON_NAME = AppIcon;
				ASSETCATALOG_COMPILER_GLOBAL_ACCENT_COLOR_NAME = AccentColor;
				CODE_SIGN_STYLE = Automatic;
				CURRENT_PROJECT_VERSION = 1;
				DEVELOPMENT_ASSET_PATHS = "\"SwiftfulThinking/Preview Content\"";
				ENABLE_PREVIEWS = YES;
				GENERATE_INFOPLIST_FILE = YES;
				INFOPLIST_KEY_UIApplicationSceneManifest_Generation = YES;
				INFOPLIST_KEY_UIApplicationSupportsIndirectInputEvents = YES;
				INFOPLIST_KEY_UILaunchScreen_Generation = YES;
				INFOPLIST_KEY_UISupportedInterfaceOrientations_iPad = "UIInterfaceOrientationPortrait UIInterfaceOrientationPortraitUpsideDown UIInterfaceOrientationLandscapeLeft UIInterfaceOrientationLandscapeRight";
				INFOPLIST_KEY_UISupportedInterfaceOrientations_iPhone = "UIInterfaceOrientationPortrait UIInterfaceOrientationLandscapeLeft UIInterfaceOrientationLandscapeRight";
				LD_RUNPATH_SEARCH_PATHS = (
					"$(inherited)",
					"@executable_path/Frameworks",
				);
				MARKETING_VERSION = 1.0;
				PRODUCT_BUNDLE_IDENTIFIER = temp.SwiftfulThinking;
				PRODUCT_NAME = "$(TARGET_NAME)";
				SWIFT_EMIT_LOC_STRINGS = YES;
				SWIFT_VERSION = 5.0;
				TARGETED_DEVICE_FAMILY = "1,2";
			};
			name = Debug;
		};
		745EACDE2A914FE2000E72BA /* Release */ = {
			isa = XCBuildConfiguration;
			buildSettings = {
				ASSETCATALOG_COMPILER_APPICON_NAME = AppIcon;
				ASSETCATALOG_COMPILER_GLOBAL_ACCENT_COLOR_NAME = AccentColor;
				CODE_SIGN_STYLE = Automatic;
				CURRENT_PROJECT_VERSION = 1;
				DEVELOPMENT_ASSET_PATHS = "\"SwiftfulThinking/Preview Content\"";
				ENABLE_PREVIEWS = YES;
				GENERATE_INFOPLIST_FILE = YES;
				INFOPLIST_KEY_UIApplicationSceneManifest_Generation = YES;
				INFOPLIST_KEY_UIApplicationSupportsIndirectInputEvents = YES;
				INFOPLIST_KEY_UILaunchScreen_Generation = YES;
				INFOPLIST_KEY_UISupportedInterfaceOrientations_iPad = "UIInterfaceOrientationPortrait UIInterfaceOrientationPortraitUpsideDown UIInterfaceOrientationLandscapeLeft UIInterfaceOrientationLandscapeRight";
				INFOPLIST_KEY_UISupportedInterfaceOrientations_iPhone = "UIInterfaceOrientationPortrait UIInterfaceOrientationLandscapeLeft UIInterfaceOrientationLandscapeRight";
				LD_RUNPATH_SEARCH_PATHS = (
					"$(inherited)",
					"@executable_path/Frameworks",
				);
				MARKETING_VERSION = 1.0;
				PRODUCT_BUNDLE_IDENTIFIER = temp.SwiftfulThinking;
				PRODUCT_NAME = "$(TARGET_NAME)";
				SWIFT_EMIT_LOC_STRINGS = YES;
				SWIFT_VERSION = 5.0;
				TARGETED_DEVICE_FAMILY = "1,2";
			};
			name = Release;
		};
		745EACE02A914FE2000E72BA /* Debug */ = {
			isa = XCBuildConfiguration;
			buildSettings = {
				ALWAYS_EMBED_SWIFT_STANDARD_LIBRARIES = YES;
				BUNDLE_LOADER = "$(TEST_HOST)";
				CODE_SIGN_STYLE = Automatic;
				CURRENT_PROJECT_VERSION = 1;
				GENERATE_INFOPLIST_FILE = YES;
				IPHONEOS_DEPLOYMENT_TARGET = 15.2;
				MARKETING_VERSION = 1.0;
				PRODUCT_BUNDLE_IDENTIFIER = temp.SwiftfulThinkingTests;
				PRODUCT_NAME = "$(TARGET_NAME)";
				SWIFT_EMIT_LOC_STRINGS = NO;
				SWIFT_VERSION = 5.0;
				TARGETED_DEVICE_FAMILY = "1,2";
				TEST_HOST = "$(BUILT_PRODUCTS_DIR)/SwiftfulThinking.app/SwiftfulThinking";
			};
			name = Debug;
		};
		745EACE12A914FE2000E72BA /* Release */ = {
			isa = XCBuildConfiguration;
			buildSettings = {
				ALWAYS_EMBED_SWIFT_STANDARD_LIBRARIES = YES;
				BUNDLE_LOADER = "$(TEST_HOST)";
				CODE_SIGN_STYLE = Automatic;
				CURRENT_PROJECT_VERSION = 1;
				GENERATE_INFOPLIST_FILE = YES;
				IPHONEOS_DEPLOYMENT_TARGET = 15.2;
				MARKETING_VERSION = 1.0;
				PRODUCT_BUNDLE_IDENTIFIER = temp.SwiftfulThinkingTests;
				PRODUCT_NAME = "$(TARGET_NAME)";
				SWIFT_EMIT_LOC_STRINGS = NO;
				SWIFT_VERSION = 5.0;
				TARGETED_DEVICE_FAMILY = "1,2";
				TEST_HOST = "$(BUILT_PRODUCTS_DIR)/SwiftfulThinking.app/SwiftfulThinking";
			};
			name = Release;
		};
		745EACE32A914FE2000E72BA /* Debug */ = {
			isa = XCBuildConfiguration;
			buildSettings = {
				ALWAYS_EMBED_SWIFT_STANDARD_LIBRARIES = YES;
				CODE_SIGN_STYLE = Automatic;
				CURRENT_PROJECT_VERSION = 1;
				GENERATE_INFOPLIST_FILE = YES;
				MARKETING_VERSION = 1.0;
				PRODUCT_BUNDLE_IDENTIFIER = temp.SwiftfulThinkingUITests;
				PRODUCT_NAME = "$(TARGET_NAME)";
				SWIFT_EMIT_LOC_STRINGS = NO;
				SWIFT_VERSION = 5.0;
				TARGETED_DEVICE_FAMILY = "1,2";
				TEST_TARGET_NAME = SwiftfulThinking;
			};
			name = Debug;
		};
		745EACE42A914FE2000E72BA /* Release */ = {
			isa = XCBuildConfiguration;
			buildSettings = {
				ALWAYS_EMBED_SWIFT_STANDARD_LIBRARIES = YES;
				CODE_SIGN_STYLE = Automatic;
				CURRENT_PROJECT_VERSION = 1;
				GENERATE_INFOPLIST_FILE = YES;
				MARKETING_VERSION = 1.0;
				PRODUCT_BUNDLE_IDENTIFIER = temp.SwiftfulThinkingUITests;
				PRODUCT_NAME = "$(TARGET_NAME)";
				SWIFT_EMIT_LOC_STRINGS = NO;
				SWIFT_VERSION = 5.0;
				TARGETED_DEVICE_FAMILY = "1,2";
				TEST_TARGET_NAME = SwiftfulThinking;
			};
			name = Release;
		};
/* End XCBuildConfiguration section */

/* Begin XCConfigurationList section */
		745EACB32A914FE1000E72BA /* Build configuration list for PBXProject "SwiftfulThinking" */ = {
			isa = XCConfigurationList;
			buildConfigurations = (
				745EACDA2A914FE2000E72BA /* Debug */,
				745EACDB2A914FE2000E72BA /* Release */,
			);
			defaultConfigurationIsVisible = 0;
			defaultConfigurationName = Release;
		};
		745EACDC2A914FE2000E72BA /* Build configuration list for PBXNativeTarget "SwiftfulThinking" */ = {
			isa = XCConfigurationList;
			buildConfigurations = (
				745EACDD2A914FE2000E72BA /* Debug */,
				745EACDE2A914FE2000E72BA /* Release */,
			);
			defaultConfigurationIsVisible = 0;
			defaultConfigurationName = Release;
		};
		745EACDF2A914FE2000E72BA /* Build configuration list for PBXNativeTarget "SwiftfulThinkingTests" */ = {
			isa = XCConfigurationList;
			buildConfigurations = (
				745EACE02A914FE2000E72BA /* Debug */,
				745EACE12A914FE2000E72BA /* Release */,
			);
			defaultConfigurationIsVisible = 0;
			defaultConfigurationName = Release;
		};
		745EACE22A914FE2000E72BA /* Build configuration list for PBXNativeTarget "SwiftfulThinkingUITests" */ = {
			isa = XCConfigurationList;
			buildConfigurations = (
				745EACE32A914FE2000E72BA /* Debug */,
				745EACE42A914FE2000E72BA /* Release */,
			);
			defaultConfigurationIsVisible = 0;
			defaultConfigurationName = Release;
		};
/* End XCConfigurationList section */
	};
	rootObject = 745EACB02A914FE1000E72BA /* Project object */;
}
